
Microsoft Visual Studio Solution File, Format Version 12.00
# Visual Studio Version 16
VisualStudioVersion = 16.0.29215.179
MinimumVisualStudioVersion = 10.0.40219.1
Project("{FAE04EC0-301F-11D3-BF4B-00C04F79EFBC}") = "MvcMovie", "MvcMovie.csproj", "{1B55D255-4CE1-4826-9A41-22948212C5FB}"
EndProject
Global
	GlobalSection(SolutionConfigurationPlatforms) = preSolution
		Debug|Any CPU = Debug|Any CPU
		Release|Any CPU = Release|Any CPU
	EndGlobalSection
	GlobalSection(ProjectConfigurationPlatforms) = postSolution
		{1B55D255-4CE1-4826-9A41-22948212C5FB}.Debug|Any CPU.ActiveCfg = Debug|Any CPU
		{1B55D255-4CE1-4826-9A41-22948212C5FB}.Debug|Any CPU.Build.0 = Debug|Any CPU
		{1B55D255-4CE1-4826-9A41-22948212C5FB}.Release|Any CPU.ActiveCfg = Release|Any CPU
		{1B55D255-4CE1-4826-9A41-22948212C5FB}.Release|Any CPU.Build.0 = Release|Any CPU
	EndGlobalSection
	GlobalSection(SolutionProperties) = preSolution
		HideSolutionNode = FALSE
	EndGlobalSection
	GlobalSection(ExtensibilityGlobals) = postSolution
		SolutionGuid = {656E3D7F-2E90-41B2-BF5C-CA3119FFBC30}
	EndGlobalSection
EndGlobal
